
Microsoft Visual Studio Solution File, Format Version 12.00
# Visual Studio 14
VisualStudioVersion = 14.0.24720.0
MinimumVisualStudioVersion = 10.0.40219.1
Project("{FAE04EC0-301F-11D3-BF4B-00C04F79EFBC}") = "TingMusic", "TingMusic\TingMusic.csproj", "{1E24D52A-A54F-45EF-A477-72D2AF89E3AA}"
EndProject
Global
	GlobalSection(SolutionConfigurationPlatforms) = preSolution
		Debug|Any CPU = Debug|Any CPU
		Release|Any CPU = Release|Any CPU
	EndGlobalSection
	GlobalSection(ProjectConfigurationPlatforms) = postSolution
		{1E24D52A-A54F-45EF-A477-72D2AF89E3AA}.Debug|Any CPU.ActiveCfg = Debug|Any CPU
		{1E24D52A-A54F-45EF-A477-72D2AF89E3AA}.Debug|Any CPU.Build.0 = Debug|Any CPU
		{1E24D52A-A54F-45EF-A477-72D2AF89E3AA}.Release|Any CPU.ActiveCfg = Release|Any CPU
		{1E24D52A-A54F-45EF-A477-72D2AF89E3AA}.Release|Any CPU.Build.0 = Release|Any CPU
	EndGlobalSection
	GlobalSection(SolutionProperties) = preSolution
		HideSolutionNode = FALSE
	EndGlobalSection
EndGlobal
